
Microsoft Visual Studio Solution File, Format Version 12.00
# Visual Studio Version 17
VisualStudioVersion = 17.7.34202.233
MinimumVisualStudioVersion = 10.0.40219.1
Project("{FAE04EC0-301F-11D3-BF4B-00C04F79EFBC}") = "Xat", "Xat\Xat.csproj", "{DCB27F3C-4806-4F79-98AD-23B24F3F039F}"
EndProject
Global
	GlobalSection(SolutionConfigurationPlatforms) = preSolution
		Debug|Any CPU = Debug|Any CPU
		Release|Any CPU = Release|Any CPU
	EndGlobalSection
	GlobalSection(ProjectConfigurationPlatforms) = postSolution
		{DCB27F3C-4806-4F79-98AD-23B24F3F039F}.Debug|Any CPU.ActiveCfg = Debug|Any CPU
		{DCB27F3C-4806-4F79-98AD-23B24F3F039F}.Debug|Any CPU.Build.0 = Debug|Any CPU
		{DCB27F3C-4806-4F79-98AD-23B24F3F039F}.Release|Any CPU.ActiveCfg = Release|Any CPU
		{DCB27F3C-4806-4F79-98AD-23B24F3F039F}.Release|Any CPU.Build.0 = Release|Any CPU
	EndGlobalSection
	GlobalSection(SolutionProperties) = preSolution
		HideSolutionNode = FALSE
	EndGlobalSection
	GlobalSection(ExtensibilityGlobals) = postSolution
		SolutionGuid = {E40391DA-13D0-4EB1-9279-9492289475AF}
	EndGlobalSection
EndGlobal
