
Microsoft Visual Studio Solution File, Format Version 12.00
# Visual Studio Version 17
VisualStudioVersion = 17.7.34202.233
MinimumVisualStudioVersion = 10.0.40219.1
Project("{9A19103F-16F7-4668-BE54-9A1E7A4F7556}") = "20251127 ex01", "20251127 ex01\20251127 ex01.csproj", "{493DE3E6-427C-4353-A891-8E0D671942FB}"
EndProject
Project("{9A19103F-16F7-4668-BE54-9A1E7A4F7556}") = "20251127 ex02", "20251127 ex02\20251127 ex02.csproj", "{9E7699A8-1B76-448F-BE7A-725112CC05BC}"
EndProject
Project("{9A19103F-16F7-4668-BE54-9A1E7A4F7556}") = "20251202 ex03", "20251202 ex03\20251202 ex03.csproj", "{8A879DC2-8AEA-4506-A301-82D7121F6B1C}"
EndProject
Project("{9A19103F-16F7-4668-BE54-9A1E7A4F7556}") = "20251202 ex05", "20251202 ex05\20251202 ex05.csproj", "{223A8430-DE52-4D16-8789-FEF9C0ADD3F8}"
EndProject
Project("{9A19103F-16F7-4668-BE54-9A1E7A4F7556}") = "20251202 ex06", "20251202 ex06\20251202 ex06.csproj", "{B7D058C4-E15B-40B7-AD9D-3E7E85E0D7C4}"
EndProject
Project("{9A19103F-16F7-4668-BE54-9A1E7A4F7556}") = "20251202 ex15", "20251202 ex15\20251202 ex15.csproj", "{5EAEA3B1-7089-4DF7-83FC-ED7F0314A9CA}"
EndProject
Project("{9A19103F-16F7-4668-BE54-9A1E7A4F7556}") = "20251202 ex14", "20251202 ex14\20251202 ex14.csproj", "{7B35EAFC-D85E-4286-BF4D-A26DF88527C4}"
EndProject
Project("{FAE04EC0-301F-11D3-BF4B-00C04F79EFBC}") = "20251202 ex04", "20251202 ex04\20251202 ex04.csproj", "{CBAA52CA-D1E7-4829-B236-F8F576E25CC0}"
EndProject
Project("{FAE04EC0-301F-11D3-BF4B-00C04F79EFBC}") = "20251204 ex07", "20251204 ex07\20251204 ex07.csproj", "{6A51C31F-A129-4FDE-B6E0-065504D1DFF3}"
EndProject
Project("{FAE04EC0-301F-11D3-BF4B-00C04F79EFBC}") = "20251204 ex08", "20251204 ex08\20251204 ex08.csproj", "{4165B64D-5286-4122-9DC7-94ED0B651199}"
EndProject
Global
	GlobalSection(SolutionConfigurationPlatforms) = preSolution
		Debug|Any CPU = Debug|Any CPU
		Release|Any CPU = Release|Any CPU
	EndGlobalSection
	GlobalSection(ProjectConfigurationPlatforms) = postSolution
		{493DE3E6-427C-4353-A891-8E0D671942FB}.Debug|Any CPU.ActiveCfg = Debug|Any CPU
		{493DE3E6-427C-4353-A891-8E0D671942FB}.Debug|Any CPU.Build.0 = Debug|Any CPU
		{493DE3E6-427C-4353-A891-8E0D671942FB}.Release|Any CPU.ActiveCfg = Release|Any CPU
		{493DE3E6-427C-4353-A891-8E0D671942FB}.Release|Any CPU.Build.0 = Release|Any CPU
		{9E7699A8-1B76-448F-BE7A-725112CC05BC}.Debug|Any CPU.ActiveCfg = Debug|Any CPU
		{9E7699A8-1B76-448F-BE7A-725112CC05BC}.Debug|Any CPU.Build.0 = Debug|Any CPU
		{9E7699A8-1B76-448F-BE7A-725112CC05BC}.Release|Any CPU.ActiveCfg = Release|Any CPU
		{9E7699A8-1B76-448F-BE7A-725112CC05BC}.Release|Any CPU.Build.0 = Release|Any CPU
		{8A879DC2-8AEA-4506-A301-82D7121F6B1C}.Debug|Any CPU.ActiveCfg = Debug|Any CPU
		{8A879DC2-8AEA-4506-A301-82D7121F6B1C}.Debug|Any CPU.Build.0 = Debug|Any CPU
		{8A879DC2-8AEA-4506-A301-82D7121F6B1C}.Release|Any CPU.ActiveCfg = Release|Any CPU
		{8A879DC2-8AEA-4506-A301-82D7121F6B1C}.Release|Any CPU.Build.0 = Release|Any CPU
		{223A8430-DE52-4D16-8789-FEF9C0ADD3F8}.Debug|Any CPU.ActiveCfg = Debug|Any CPU
		{223A8430-DE52-4D16-8789-FEF9C0ADD3F8}.Debug|Any CPU.Build.0 = Debug|Any CPU
		{223A8430-DE52-4D16-8789-FEF9C0ADD3F8}.Release|Any CPU.ActiveCfg = Release|Any CPU
		{223A8430-DE52-4D16-8789-FEF9C0ADD3F8}.Release|Any CPU.Build.0 = Release|Any CPU
		{B7D058C4-E15B-40B7-AD9D-3E7E85E0D7C4}.Debug|Any CPU.ActiveCfg = Debug|Any CPU
		{B7D058C4-E15B-40B7-AD9D-3E7E85E0D7C4}.Debug|Any CPU.Build.0 = Debug|Any CPU
		{B7D058C4-E15B-40B7-AD9D-3E7E85E0D7C4}.Release|Any CPU.ActiveCfg = Release|Any CPU
		{B7D058C4-E15B-40B7-AD9D-3E7E85E0D7C4}.Release|Any CPU.Build.0 = Release|Any CPU
		{5EAEA3B1-7089-4DF7-83FC-ED7F0314A9CA}.Debug|Any CPU.ActiveCfg = Debug|Any CPU
		{5EAEA3B1-7089-4DF7-83FC-ED7F0314A9CA}.Debug|Any CPU.Build.0 = Debug|Any CPU
		{5EAEA3B1-7089-4DF7-83FC-ED7F0314A9CA}.Release|Any CPU.ActiveCfg = Release|Any CPU
		{5EAEA3B1-7089-4DF7-83FC-ED7F0314A9CA}.Release|Any CPU.Build.0 = Release|Any CPU
		{7B35EAFC-D85E-4286-BF4D-A26DF88527C4}.Debug|Any CPU.ActiveCfg = Debug|Any CPU
		{7B35EAFC-D85E-4286-BF4D-A26DF88527C4}.Debug|Any CPU.Build.0 = Debug|Any CPU
		{7B35EAFC-D85E-4286-BF4D-A26DF88527C4}.Release|Any CPU.ActiveCfg = Release|Any CPU
		{7B35EAFC-D85E-4286-BF4D-A26DF88527C4}.Release|Any CPU.Build.0 = Release|Any CPU
		{CBAA52CA-D1E7-4829-B236-F8F576E25CC0}.Debug|Any CPU.ActiveCfg = Debug|Any CPU
		{CBAA52CA-D1E7-4829-B236-F8F576E25CC0}.Debug|Any CPU.Build.0 = Debug|Any CPU
		{CBAA52CA-D1E7-4829-B236-F8F576E25CC0}.Release|Any CPU.ActiveCfg = Release|Any CPU
		{CBAA52CA-D1E7-4829-B236-F8F576E25CC0}.Release|Any CPU.Build.0 = Release|Any CPU
		{6A51C31F-A129-4FDE-B6E0-065504D1DFF3}.Debug|Any CPU.ActiveCfg = Debug|Any CPU
		{6A51C31F-A129-4FDE-B6E0-065504D1DFF3}.Debug|Any CPU.Build.0 = Debug|Any CPU
		{6A51C31F-A129-4FDE-B6E0-065504D1DFF3}.Release|Any CPU.ActiveCfg = Release|Any CPU
		{6A51C31F-A129-4FDE-B6E0-065504D1DFF3}.Release|Any CPU.Build.0 = Release|Any CPU
		{4165B64D-5286-4122-9DC7-94ED0B651199}.Debug|Any CPU.ActiveCfg = Debug|Any CPU
		{4165B64D-5286-4122-9DC7-94ED0B651199}.Debug|Any CPU.Build.0 = Debug|Any CPU
		{4165B64D-5286-4122-9DC7-94ED0B651199}.Release|Any CPU.ActiveCfg = Release|Any CPU
		{4165B64D-5286-4122-9DC7-94ED0B651199}.Release|Any CPU.Build.0 = Release|Any CPU
	EndGlobalSection
	GlobalSection(SolutionProperties) = preSolution
		HideSolutionNode = FALSE
	EndGlobalSection
	GlobalSection(ExtensibilityGlobals) = postSolution
		SolutionGuid = {D779344F-596A-4169-A2DB-C723CE560686}
	EndGlobalSection
EndGlobal
