
Microsoft Visual Studio Solution File, Format Version 12.00
# Visual Studio Version 17
VisualStudioVersion = 17.7.34202.233
MinimumVisualStudioVersion = 10.0.40219.1
Project("{FAE04EC0-301F-11D3-BF4B-00C04F79EFBC}") = "Exercici 01", "Primer exercici\Exercici 01.csproj", "{6737199E-7952-48F8-986C-8CB1FC007A63}"
EndProject
Project("{FAE04EC0-301F-11D3-BF4B-00C04F79EFBC}") = "Exercici 02", "Exercici 02\Exercici 02.csproj", "{0DA4BA68-4628-4E50-A1DB-48B29CD4FD5A}"
EndProject
Global
	GlobalSection(SolutionConfigurationPlatforms) = preSolution
		Debug|Any CPU = Debug|Any CPU
		Release|Any CPU = Release|Any CPU
	EndGlobalSection
	GlobalSection(ProjectConfigurationPlatforms) = postSolution
		{6737199E-7952-48F8-986C-8CB1FC007A63}.Debug|Any CPU.ActiveCfg = Debug|Any CPU
		{6737199E-7952-48F8-986C-8CB1FC007A63}.Debug|Any CPU.Build.0 = Debug|Any CPU
		{6737199E-7952-48F8-986C-8CB1FC007A63}.Release|Any CPU.ActiveCfg = Release|Any CPU
		{6737199E-7952-48F8-986C-8CB1FC007A63}.Release|Any CPU.Build.0 = Release|Any CPU
		{0DA4BA68-4628-4E50-A1DB-48B29CD4FD5A}.Debug|Any CPU.ActiveCfg = Debug|Any CPU
		{0DA4BA68-4628-4E50-A1DB-48B29CD4FD5A}.Debug|Any CPU.Build.0 = Debug|Any CPU
		{0DA4BA68-4628-4E50-A1DB-48B29CD4FD5A}.Release|Any CPU.ActiveCfg = Release|Any CPU
		{0DA4BA68-4628-4E50-A1DB-48B29CD4FD5A}.Release|Any CPU.Build.0 = Release|Any CPU
	EndGlobalSection
	GlobalSection(SolutionProperties) = preSolution
		HideSolutionNode = FALSE
	EndGlobalSection
	GlobalSection(ExtensibilityGlobals) = postSolution
		SolutionGuid = {DFFA1AD0-7CDC-48AB-B668-305A1A2953A5}
	EndGlobalSection
EndGlobal
