
Microsoft Visual Studio Solution File, Format Version 12.00
# Visual Studio Version 17
VisualStudioVersion = 17.7.34202.233
MinimumVisualStudioVersion = 10.0.40219.1
Project("{FAE04EC0-301F-11D3-BF4B-00C04F79EFBC}") = "Salari", "Salari\Salari.csproj", "{BEB165E6-996F-4DC5-9CB2-28525B4D4DDA}"
EndProject
Project("{FAE04EC0-301F-11D3-BF4B-00C04F79EFBC}") = "flag", "flag\flag.csproj", "{7E7D99B8-BD31-4AFA-88CB-A98BCC855D90}"
EndProject
Global
	GlobalSection(SolutionConfigurationPlatforms) = preSolution
		Debug|Any CPU = Debug|Any CPU
		Release|Any CPU = Release|Any CPU
	EndGlobalSection
	GlobalSection(ProjectConfigurationPlatforms) = postSolution
		{BEB165E6-996F-4DC5-9CB2-28525B4D4DDA}.Debug|Any CPU.ActiveCfg = Debug|Any CPU
		{BEB165E6-996F-4DC5-9CB2-28525B4D4DDA}.Debug|Any CPU.Build.0 = Debug|Any CPU
		{BEB165E6-996F-4DC5-9CB2-28525B4D4DDA}.Release|Any CPU.ActiveCfg = Release|Any CPU
		{BEB165E6-996F-4DC5-9CB2-28525B4D4DDA}.Release|Any CPU.Build.0 = Release|Any CPU
		{7E7D99B8-BD31-4AFA-88CB-A98BCC855D90}.Debug|Any CPU.ActiveCfg = Debug|Any CPU
		{7E7D99B8-BD31-4AFA-88CB-A98BCC855D90}.Debug|Any CPU.Build.0 = Debug|Any CPU
		{7E7D99B8-BD31-4AFA-88CB-A98BCC855D90}.Release|Any CPU.ActiveCfg = Release|Any CPU
		{7E7D99B8-BD31-4AFA-88CB-A98BCC855D90}.Release|Any CPU.Build.0 = Release|Any CPU
	EndGlobalSection
	GlobalSection(SolutionProperties) = preSolution
		HideSolutionNode = FALSE
	EndGlobalSection
	GlobalSection(ExtensibilityGlobals) = postSolution
		SolutionGuid = {BEF1752C-D624-447F-BFC9-E05A23E3BF01}
	EndGlobalSection
EndGlobal
